
Microsoft Visual Studio Solution File, Format Version 12.00
# Visual Studio Version 17
VisualStudioVersion = 17.14.36310.24 d17.14
MinimumVisualStudioVersion = 10.0.40219.1
Project("{FAE04EC0-301F-11D3-BF4B-00C04F79EFBC}") = "FirstLecture", "FirstLecture.csproj", "{8358DC62-FAC3-4389-818A-59F6C68EA87E}"
EndProject
Global
	GlobalSection(SolutionConfigurationPlatforms) = preSolution
		Debug|Any CPU = Debug|Any CPU
		Release|Any CPU = Release|Any CPU
	EndGlobalSection
	GlobalSection(ProjectConfigurationPlatforms) = postSolution
		{8358DC62-FAC3-4389-818A-59F6C68EA87E}.Debug|Any CPU.ActiveCfg = Debug|Any CPU
		{8358DC62-FAC3-4389-818A-59F6C68EA87E}.Debug|Any CPU.Build.0 = Debug|Any CPU
		{8358DC62-FAC3-4389-818A-59F6C68EA87E}.Release|Any CPU.ActiveCfg = Release|Any CPU
		{8358DC62-FAC3-4389-818A-59F6C68EA87E}.Release|Any CPU.Build.0 = Release|Any CPU
	EndGlobalSection
	GlobalSection(SolutionProperties) = preSolution
		HideSolutionNode = FALSE
	EndGlobalSection
	GlobalSection(ExtensibilityGlobals) = postSolution
		SolutionGuid = {CAEB073B-CE8A-43BE-A0C8-8252E96A1B1F}
	EndGlobalSection
EndGlobal
